
Microsoft Visual Studio Solution File, Format Version 12.00
# Visual Studio Version 17
VisualStudioVersion = 17.9.34622.214
MinimumVisualStudioVersion = 10.0.40219.1
Project("{9A19103F-16F7-4668-BE54-9A1E7A4F7556}") = "Client", "Client\Client.csproj", "{BBE5C411-2D17-43BB-9767-2C9EA309181C}"
EndProject
Project("{9A19103F-16F7-4668-BE54-9A1E7A4F7556}") = "ProjectZeroLib", "..\PZ_Lib\ProjectZeroLib.csproj", "{DC91382A-6882-41E7-B17F-D93DB3B770BD}"
EndProject
Project("{FAE04EC0-301F-11D3-BF4B-00C04F79EFBC}") = "Tests", "Tests\Tests.csproj", "{C9817930-BA08-4603-99A3-19C08BD84382}"
EndProject
Global
	GlobalSection(SolutionConfigurationPlatforms) = preSolution
		Debug|Any CPU = Debug|Any CPU
		Release|Any CPU = Release|Any CPU
	EndGlobalSection
	GlobalSection(ProjectConfigurationPlatforms) = postSolution
		{BBE5C411-2D17-43BB-9767-2C9EA309181C}.Debug|Any CPU.ActiveCfg = Debug|Any CPU
		{BBE5C411-2D17-43BB-9767-2C9EA309181C}.Debug|Any CPU.Build.0 = Debug|Any CPU
		{BBE5C411-2D17-43BB-9767-2C9EA309181C}.Release|Any CPU.ActiveCfg = Release|Any CPU
		{BBE5C411-2D17-43BB-9767-2C9EA309181C}.Release|Any CPU.Build.0 = Release|Any CPU
		{DC91382A-6882-41E7-B17F-D93DB3B770BD}.Debug|Any CPU.ActiveCfg = Debug|Any CPU
		{DC91382A-6882-41E7-B17F-D93DB3B770BD}.Debug|Any CPU.Build.0 = Debug|Any CPU
		{DC91382A-6882-41E7-B17F-D93DB3B770BD}.Release|Any CPU.ActiveCfg = Release|Any CPU
		{DC91382A-6882-41E7-B17F-D93DB3B770BD}.Release|Any CPU.Build.0 = Release|Any CPU
		{C9817930-BA08-4603-99A3-19C08BD84382}.Debug|Any CPU.ActiveCfg = Debug|Any CPU
		{C9817930-BA08-4603-99A3-19C08BD84382}.Debug|Any CPU.Build.0 = Debug|Any CPU
		{C9817930-BA08-4603-99A3-19C08BD84382}.Release|Any CPU.ActiveCfg = Release|Any CPU
		{C9817930-BA08-4603-99A3-19C08BD84382}.Release|Any CPU.Build.0 = Release|Any CPU
	EndGlobalSection
	GlobalSection(SolutionProperties) = preSolution
		HideSolutionNode = FALSE
	EndGlobalSection
	GlobalSection(ExtensibilityGlobals) = postSolution
		SolutionGuid = {A4FD7671-8817-4831-A729-93458110AE0D}
	EndGlobalSection
EndGlobal
